
Microsoft Visual Studio Solution File, Format Version 12.00
# Visual Studio Version 17
VisualStudioVersion = 17.9.34622.214
MinimumVisualStudioVersion = 10.0.40219.1
Project("{9A19103F-16F7-4668-BE54-9A1E7A4F7556}") = "Kuisin.FunctionApp", "Kuisin.FunctionApp\Kuisin.FunctionApp.csproj", "{2C49D1FE-812D-499F-A24F-EECBD0B951A1}"
EndProject
Project("{9A19103F-16F7-4668-BE54-9A1E7A4F7556}") = "Kuisin.Core", "Kuisin.Core\Kuisin.Core.csproj", "{ED54ABCD-5DC9-4AD8-B44C-7E0ABCC60A0F}"
EndProject
Project("{9A19103F-16F7-4668-BE54-9A1E7A4F7556}") = "Kuisin.Infrastructure", "Kuisin.Infrastructure\Kuisin.Infrastructure.csproj", "{80A60941-293A-4522-9FB8-C6E4995799BA}"
EndProject
Global
	GlobalSection(SolutionConfigurationPlatforms) = preSolution
		Debug|Any CPU = Debug|Any CPU
		Release|Any CPU = Release|Any CPU
	EndGlobalSection
	GlobalSection(ProjectConfigurationPlatforms) = postSolution
		{2C49D1FE-812D-499F-A24F-EECBD0B951A1}.Debug|Any CPU.ActiveCfg = Debug|Any CPU
		{2C49D1FE-812D-499F-A24F-EECBD0B951A1}.Debug|Any CPU.Build.0 = Debug|Any CPU
		{2C49D1FE-812D-499F-A24F-EECBD0B951A1}.Release|Any CPU.ActiveCfg = Release|Any CPU
		{2C49D1FE-812D-499F-A24F-EECBD0B951A1}.Release|Any CPU.Build.0 = Release|Any CPU
		{ED54ABCD-5DC9-4AD8-B44C-7E0ABCC60A0F}.Debug|Any CPU.ActiveCfg = Debug|Any CPU
		{ED54ABCD-5DC9-4AD8-B44C-7E0ABCC60A0F}.Debug|Any CPU.Build.0 = Debug|Any CPU
		{ED54ABCD-5DC9-4AD8-B44C-7E0ABCC60A0F}.Release|Any CPU.ActiveCfg = Release|Any CPU
		{ED54ABCD-5DC9-4AD8-B44C-7E0ABCC60A0F}.Release|Any CPU.Build.0 = Release|Any CPU
		{80A60941-293A-4522-9FB8-C6E4995799BA}.Debug|Any CPU.ActiveCfg = Debug|Any CPU
		{80A60941-293A-4522-9FB8-C6E4995799BA}.Debug|Any CPU.Build.0 = Debug|Any CPU
		{80A60941-293A-4522-9FB8-C6E4995799BA}.Release|Any CPU.ActiveCfg = Release|Any CPU
		{80A60941-293A-4522-9FB8-C6E4995799BA}.Release|Any CPU.Build.0 = Release|Any CPU
	EndGlobalSection
	GlobalSection(SolutionProperties) = preSolution
		HideSolutionNode = FALSE
	EndGlobalSection
	GlobalSection(ExtensibilityGlobals) = postSolution
		SolutionGuid = {08F40A22-C8A2-4453-85B8-870C4C7BDCC7}
	EndGlobalSection
EndGlobal
